dependencies:
- name: common
  repository: file://../common
  version: 1.0.0
- name: fspiop-transfer-api-svc
  repository: file://../fspiop-transfer-api-svc
  version: 12.0.0
- name: admin-api-svc
  repository: file://../admin-api-svc
  version: 12.0.0
- name: account-lookup-service
  repository: file://../account-lookup-service
  version: 12.4.0
digest: sha256:519b01ec3d6065e0dcc38908d7c696505a4033e5ed41a32e4eb5acf0f0d7b286
generated: "2022-02-28T06:40:45.809113554Z"
