dependencies:
- name: common
  repository: file://../common
  version: 2.0.0
- name: fspiop-transfer-api-svc
  repository: file://../fspiop-transfer-api-svc
  version: 12.0.0
- name: admin-api-svc
  repository: file://../admin-api-svc
  version: 12.0.0
digest: sha256:3a898d7ededb11ff6547a002ee3cea679868790cc9735d28ff8079f27c493410
generated: "2022-01-25T22:05:38.244005+05:30"
