dependencies:
- name: kafka
  repository: https://charts.bitnami.com/bitnami
  version: 14.1.1
- name: mysql
  repository: https://charts.bitnami.com/bitnami
  version: 8.8.7
- name: kowl
  repository: https://raw.githubusercontent.com/cloudhut/charts/master/archives
  version: 2.0.1
- name: keto
  repository: https://k8s.ory.sh/helm/charts
  version: 0.19.5
- name: oathkeeper
  repository: https://k8s.ory.sh/helm/charts
  version: 0.19.5
- name: common
  repository: file://../../mojaloop/common
  version: 1.0.0
digest: sha256:4478210ae137363835cfc41949735f0641c152de42e9425f3c01e7810b9754db
generated: "2021-10-15T01:25:33.074837+05:30"
