dependencies:
- name: kafka
  repository: https://charts.bitnami.com/bitnami
  version: 14.1.1
- name: mysql
  repository: https://charts.bitnami.com/bitnami
  version: 8.8.8
- name: mongodb
  repository: https://charts.bitnami.com/bitnami
  version: 10.28.1
- name: kowl
  repository: https://raw.githubusercontent.com/cloudhut/charts/master/archives
  version: 2.0.1
- name: keto
  repository: https://k8s.ory.sh/helm/charts
  version: 0.19.5
- name: oathkeeper
  repository: https://k8s.ory.sh/helm/charts
  version: 0.19.6
- name: kratos
  repository: https://k8s.ory.sh/helm/charts
  version: 0.19.6
- name: kratos-selfservice-ui-node
  repository: https://k8s.ory.sh/helm/charts
  version: 0.19.6
- name: common
  repository: file://../../mojaloop/common
  version: 1.0.0
digest: sha256:449d2a9ceb09975339e0014538d630e2598e0bf495b94cced7dd7f347e371c45
generated: "2021-10-26T01:04:22.333987+05:30"
