dependencies:
- name: kafka
  repository: https://charts.bitnami.com/bitnami
  version: 14.1.1
- name: mysql
  repository: https://charts.bitnami.com/bitnami
  version: 8.8.8
- name: mongodb
  repository: https://charts.bitnami.com/bitnami
  version: 10.28.1
- name: kowl
  repository: https://raw.githubusercontent.com/cloudhut/charts/master/archives
  version: 2.0.1
- name: keto
  repository: https://k8s.ory.sh/helm/charts
  version: 0.19.5
- name: oathkeeper
  repository: https://k8s.ory.sh/helm/charts
  version: 0.19.6
- name: kratos
  repository: https://k8s.ory.sh/helm/charts
  version: 0.19.6
- name: kratos-selfservice-ui-node
  repository: https://k8s.ory.sh/helm/charts
  version: 0.19.6
- name: common
  repository: file://../../mojaloop/common
  version: 1.0.0
digest: sha256:28ecb241f1c3476a7a912d5bdc6ebcc4912f016ace2a852a86973e4f9c607723
generated: "2021-10-19T03:06:06.012547174+03:00"
